
Microsoft Visual Studio Solution File, Format Version 12.00
# Visual Studio Version 16
VisualStudioVersion = 16.0.31515.178
MinimumVisualStudioVersion = 10.0.40219.1
Project("{FAE04EC0-301F-11D3-BF4B-00C04F79EFBC}") = "LoggerProject", "LoggerProject\LoggerProject.csproj", "{684FAC0C-E40C-42D4-9D01-889748616249}"
EndProject
Global
	GlobalSection(SolutionConfigurationPlatforms) = preSolution
		Debug|Any CPU = Debug|Any CPU
		Release|Any CPU = Release|Any CPU
	EndGlobalSection
	GlobalSection(ProjectConfigurationPlatforms) = postSolution
		{684FAC0C-E40C-42D4-9D01-889748616249}.Debug|Any CPU.ActiveCfg = Debug|Any CPU
		{684FAC0C-E40C-42D4-9D01-889748616249}.Debug|Any CPU.Build.0 = Debug|Any CPU
		{684FAC0C-E40C-42D4-9D01-889748616249}.Release|Any CPU.ActiveCfg = Release|Any CPU
		{684FAC0C-E40C-42D4-9D01-889748616249}.Release|Any CPU.Build.0 = Release|Any CPU
	EndGlobalSection
	GlobalSection(SolutionProperties) = preSolution
		HideSolutionNode = FALSE
	EndGlobalSection
	GlobalSection(ExtensibilityGlobals) = postSolution
		SolutionGuid = {B9FFFCF1-94C3-4F9B-A856-735E4775C961}
	EndGlobalSection
EndGlobal
